
Microsoft Visual Studio Solution File, Format Version 12.00
# Visual Studio 2013
VisualStudioVersion = 12.0.21005.1
MinimumVisualStudioVersion = 10.0.40219.1
Project("{FAE04EC0-301F-11D3-BF4B-00C04F79EFBC}") = "DigiERp", "DigiERp\DigiERp.csproj", "{C8710395-A5E1-4B0D-AA1E-7C81E02B77BC}"
EndProject
Global
	GlobalSection(SolutionConfigurationPlatforms) = preSolution
		Debug|Any CPU = Debug|Any CPU
		Release|Any CPU = Release|Any CPU
	EndGlobalSection
	GlobalSection(ProjectConfigurationPlatforms) = postSolution
		{C8710395-A5E1-4B0D-AA1E-7C81E02B77BC}.Debug|Any CPU.ActiveCfg = Debug|Any CPU
		{C8710395-A5E1-4B0D-AA1E-7C81E02B77BC}.Debug|Any CPU.Build.0 = Debug|Any CPU
		{C8710395-A5E1-4B0D-AA1E-7C81E02B77BC}.Release|Any CPU.ActiveCfg = Release|Any CPU
		{C8710395-A5E1-4B0D-AA1E-7C81E02B77BC}.Release|Any CPU.Build.0 = Release|Any CPU
	EndGlobalSection
	GlobalSection(SolutionProperties) = preSolution
		HideSolutionNode = FALSE
	EndGlobalSection
EndGlobal
